// !$*UTF8*$!
{
	archiveVersion = 1;
	classes = {
	};
	objectVersion = 50;
	objects = {

/* Begin PBXBuildFile section */
		2516356EE0F312A17B4B3629 /* libPods-TaskAround.a in Frameworks */ = {isa = PBXBuildFile; fileRef = 7FCDB16D0097CACF46A388C3 /* libPods-TaskAround.a */; };
		9640000C222E842900D43370 /* NSDictionary+YbsObject.m in Sources */ = {isa = PBXBuildFile; fileRef = 9640000B222E842900D43370 /* NSDictionary+YbsObject.m */; };
		9649CA2A223A5FC700B36542 /* UITableView+HD_NoList.m in Sources */ = {isa = PBXBuildFile; fileRef = 9649CA29223A5FC700B36542 /* UITableView+HD_NoList.m */; };
		9659D3502236229C00383F40 /* UIButton+EnlargeTouchArea.m in Sources */ = {isa = PBXBuildFile; fileRef = 9659D34F2236229C00383F40 /* UIButton+EnlargeTouchArea.m */; };
		9659D353223625AC00383F40 /* BackView.m in Sources */ = {isa = PBXBuildFile; fileRef = 9659D352223625AC00383F40 /* BackView.m */; };
		9659D3562236262D00383F40 /* UIBarButtonItem+YbsAdd.m in Sources */ = {isa = PBXBuildFile; fileRef = 9659D3552236262D00383F40 /* UIBarButtonItem+YbsAdd.m */; };
		9659D359223659EA00383F40 /* YbsAlertView.m in Sources */ = {isa = PBXBuildFile; fileRef = 9659D358223659EA00383F40 /* YbsAlertView.m */; };
		966F997721F47335006D7209 /* YbsWebViewController.m in Sources */ = {isa = PBXBuildFile; fileRef = 966F997621F47335006D7209 /* YbsWebViewController.m */; };
		966F997E21F5A369006D7209 /* YbsBaseViewController.m in Sources */ = {isa = PBXBuildFile; fileRef = 966F997D21F5A369006D7209 /* YbsBaseViewController.m */; };
		966F998121F5A3DF006D7209 /* YbsNavTitleView.m in Sources */ = {isa = PBXBuildFile; fileRef = 966F998021F5A3DF006D7209 /* YbsNavTitleView.m */; };
		966F998421F5A44D006D7209 /* YbsNavBarButton.m in Sources */ = {isa = PBXBuildFile; fileRef = 966F998321F5A44D006D7209 /* YbsNavBarButton.m */; };
		967858992237B2BF0051A225 /* UITextView+XGPlaceholder.m in Sources */ = {isa = PBXBuildFile; fileRef = 967858972237B2BF0051A225 /* UITextView+XGPlaceholder.m */; };
		96A5D4B1225C44D300DF83B7 /* UserNotifications.framework in Frameworks */ = {isa = PBXBuildFile; fileRef = 96A5D4B0225C44D300DF83B7 /* UserNotifications.framework */; };
		96A5D5122264223300DF83B7 /* YbsHomeViewController.m in Sources */ = {isa = PBXBuildFile; fileRef = 96A5D5112264223300DF83B7 /* YbsHomeViewController.m */; };
		96A5D5152264227C00DF83B7 /* YbsMeViewController.m in Sources */ = {isa = PBXBuildFile; fileRef = 96A5D5142264227C00DF83B7 /* YbsMeViewController.m */; };
		96A5D5182264250500DF83B7 /* MBProgressHUD+YbsUtil.m in Sources */ = {isa = PBXBuildFile; fileRef = 96A5D5172264250500DF83B7 /* MBProgressHUD+YbsUtil.m */; };
		96A8B1B82220DD85006B27A6 /* YbsLoginViewController.m in Sources */ = {isa = PBXBuildFile; fileRef = 96A8B1B72220DD85006B27A6 /* YbsLoginViewController.m */; };
		96B325232234DD0D0060B306 /* NSTimer+FY.m in Sources */ = {isa = PBXBuildFile; fileRef = 96B325222234DD0C0060B306 /* NSTimer+FY.m */; };
		96CA2F2821FEDA48003A72C7 /* YbsWelcomeViewController.m in Sources */ = {isa = PBXBuildFile; fileRef = 96CA2F2721FEDA48003A72C7 /* YbsWelcomeViewController.m */; };
		96E161D221F1C8E8005BF9A5 /* NSString+Ybs.m in Sources */ = {isa = PBXBuildFile; fileRef = 96E161D121F1C8E8005BF9A5 /* NSString+Ybs.m */; };
		96E161DB21F1D849005BF9A5 /* UIViewController+YbsUtil.m in Sources */ = {isa = PBXBuildFile; fileRef = 96E161DA21F1D849005BF9A5 /* UIViewController+YbsUtil.m */; };
		96E161E121F2E6EF005BF9A5 /* UIColor+YbsUtil.m in Sources */ = {isa = PBXBuildFile; fileRef = 96E161E021F2E6EF005BF9A5 /* UIColor+YbsUtil.m */; };
		96EC51F321EED3D0000F7692 /* YbsApi.m in Sources */ = {isa = PBXBuildFile; fileRef = 96EC51F221EED3D0000F7692 /* YbsApi.m */; };
		96EC51F621F0681C000F7692 /* YbsNetworkUtil.m in Sources */ = {isa = PBXBuildFile; fileRef = 96EC51F521F0681C000F7692 /* YbsNetworkUtil.m */; };
		96EF48A32243912100F849A8 /* UIImage+YbsUtil.m in Sources */ = {isa = PBXBuildFile; fileRef = 96EF48A22243912100F849A8 /* UIImage+YbsUtil.m */; };
		96EF48A62248CE3100F849A8 /* UIButton+Layout.m in Sources */ = {isa = PBXBuildFile; fileRef = 96EF48A42248CE3100F849A8 /* UIButton+Layout.m */; };
		96EF48B1224CD8D200F849A8 /* NotificationService.m in Sources */ = {isa = PBXBuildFile; fileRef = 96EF48B0224CD8D200F849A8 /* NotificationService.m */; };
		96EF48B5224CD8D200F849A8 /* NotificationService.appex in Embed App Extensions */ = {isa = PBXBuildFile; fileRef = 96EF48AD224CD8D200F849A8 /* NotificationService.appex */; settings = {ATTRIBUTES = (RemoveHeadersOnCopy, ); }; };
		B7607E9520EA008B00FAFCDF /* AppDelegate.m in Sources */ = {isa = PBXBuildFile; fileRef = B7607E9420EA008B00FAFCDF /* AppDelegate.m */; };
		B7607E9820EA008B00FAFCDF /* ViewController.m in Sources */ = {isa = PBXBuildFile; fileRef = B7607E9720EA008B00FAFCDF /* ViewController.m */; };
		B7607E9B20EA008B00FAFCDF /* Main.storyboard in Resources */ = {isa = PBXBuildFile; fileRef = B7607E9920EA008B00FAFCDF /* Main.storyboard */; };
		B7607E9D20EA008C00FAFCDF /* Assets.xcassets in Resources */ = {isa = PBXBuildFile; fileRef = B7607E9C20EA008C00FAFCDF /* Assets.xcassets */; };
		B7607EA020EA008C00FAFCDF /* LaunchScreen.storyboard in Resources */ = {isa = PBXBuildFile; fileRef = B7607E9E20EA008C00FAFCDF /* LaunchScreen.storyboard */; };
		B7607EA320EA008C00FAFCDF /* main.m in Sources */ = {isa = PBXBuildFile; fileRef = B7607EA220EA008C00FAFCDF /* main.m */; };
		B7607EAD20EA008C00FAFCDF /* TaskAroundTests.m in Sources */ = {isa = PBXBuildFile; fileRef = B7607EAC20EA008C00FAFCDF /* TaskAroundTests.m */; };
		B7607EB820EA008C00FAFCDF /* TaskAroundUITests.m in Sources */ = {isa = PBXBuildFile; fileRef = B7607EB720EA008C00FAFCDF /* TaskAroundUITests.m */; };
		B7607F8920EA1A9900FAFCDF /* YbsNavigationController.m in Sources */ = {isa = PBXBuildFile; fileRef = B7607F8820EA1A9900FAFCDF /* YbsNavigationController.m */; };
		B7607F8C20EA1AC100FAFCDF /* YbsTabBarController.m in Sources */ = {isa = PBXBuildFile; fileRef = B7607F8B20EA1AC100FAFCDF /* YbsTabBarController.m */; };
/* End PBXBuildFile section */

/* Begin PBXContainerItemProxy section */
		96EF48B3224CD8D200F849A8 /* PBXContainerItemProxy */ = {
			isa = PBXContainerItemProxy;
			containerPortal = B7607E8820EA008B00FAFCDF /* Project object */;
			proxyType = 1;
			remoteGlobalIDString = 96EF48AC224CD8D200F849A8;
			remoteInfo = NotificationService;
		};
		B7607EA920EA008C00FAFCDF /* PBXContainerItemProxy */ = {
			isa = PBXContainerItemProxy;
			containerPortal = B7607E8820EA008B00FAFCDF /* Project object */;
			proxyType = 1;
			remoteGlobalIDString = B7607E8F20EA008B00FAFCDF;
			remoteInfo = TaskAround;
		};
		B7607EB420EA008C00FAFCDF /* PBXContainerItemProxy */ = {
			isa = PBXContainerItemProxy;
			containerPortal = B7607E8820EA008B00FAFCDF /* Project object */;
			proxyType = 1;
			remoteGlobalIDString = B7607E8F20EA008B00FAFCDF;
			remoteInfo = TaskAround;
		};
/* End PBXContainerItemProxy section */

/* Begin PBXCopyFilesBuildPhase section */
		96EF48B9224CD8D200F849A8 /* Embed App Extensions */ = {
			isa = PBXCopyFilesBuildPhase;
			buildActionMask = 2147483647;
			dstPath = "";
			dstSubfolderSpec = 13;
			files = (
				96EF48B5224CD8D200F849A8 /* NotificationService.appex in Embed App Extensions */,
			);
			name = "Embed App Extensions";
			runOnlyForDeploymentPostprocessing = 0;
		};
/* End PBXCopyFilesBuildPhase section */

/* Begin PBXFileReference section */
		32AECDC9D8A6C5C86C28CBC6 /* Pods-TaskAround.release.xcconfig */ = {isa = PBXFileReference; includeInIndex = 1; lastKnownFileType = text.xcconfig; name = "Pods-TaskAround.release.xcconfig"; path = "Pods/Target Support Files/Pods-TaskAround/Pods-TaskAround.release.xcconfig"; sourceTree = "<group>"; };
		6CD5BF41EF22DF15FE5072D7 /* libPods-NotificationService.a */ = {isa = PBXFileReference; explicitFileType = archive.ar; includeInIndex = 0; path = "libPods-NotificationService.a"; sourceTree = BUILT_PRODUCTS_DIR; };
		7FCDB16D0097CACF46A388C3 /* libPods-TaskAround.a */ = {isa = PBXFileReference; explicitFileType = archive.ar; includeInIndex = 0; path = "libPods-TaskAround.a"; sourceTree = BUILT_PRODUCTS_DIR; };
		9640000A222E842900D43370 /* NSDictionary+YbsObject.h */ = {isa = PBXFileReference; lastKnownFileType = sourcecode.c.h; path = "NSDictionary+YbsObject.h"; sourceTree = "<group>"; };
		9640000B222E842900D43370 /* NSDictionary+YbsObject.m */ = {isa = PBXFileReference; lastKnownFileType = sourcecode.c.objc; path = "NSDictionary+YbsObject.m"; sourceTree = "<group>"; };
		9649CA28223A5FC700B36542 /* UITableView+HD_NoList.h */ = {isa = PBXFileReference; fileEncoding = 4; lastKnownFileType = sourcecode.c.h; path = "UITableView+HD_NoList.h"; sourceTree = "<group>"; };
		9649CA29223A5FC700B36542 /* UITableView+HD_NoList.m */ = {isa = PBXFileReference; fileEncoding = 4; lastKnownFileType = sourcecode.c.objc; path = "UITableView+HD_NoList.m"; sourceTree = "<group>"; };
		9659D34E2236229C00383F40 /* UIButton+EnlargeTouchArea.h */ = {isa = PBXFileReference; lastKnownFileType = sourcecode.c.h; path = "UIButton+EnlargeTouchArea.h"; sourceTree = "<group>"; };
		9659D34F2236229C00383F40 /* UIButton+EnlargeTouchArea.m */ = {isa = PBXFileReference; lastKnownFileType = sourcecode.c.objc; path = "UIButton+EnlargeTouchArea.m"; sourceTree = "<group>"; };
		9659D351223625AC00383F40 /* BackView.h */ = {isa = PBXFileReference; lastKnownFileType = sourcecode.c.h; path = BackView.h; sourceTree = "<group>"; };
		9659D352223625AC00383F40 /* BackView.m */ = {isa = PBXFileReference; lastKnownFileType = sourcecode.c.objc; path = BackView.m; sourceTree = "<group>"; };
		9659D3542236262D00383F40 /* UIBarButtonItem+YbsAdd.h */ = {isa = PBXFileReference; lastKnownFileType = sourcecode.c.h; path = "UIBarButtonItem+YbsAdd.h"; sourceTree = "<group>"; };
		9659D3552236262D00383F40 /* UIBarButtonItem+YbsAdd.m */ = {isa = PBXFileReference; lastKnownFileType = sourcecode.c.objc; path = "UIBarButtonItem+YbsAdd.m"; sourceTree = "<group>"; };
		9659D357223659EA00383F40 /* YbsAlertView.h */ = {isa = PBXFileReference; lastKnownFileType = sourcecode.c.h; path = YbsAlertView.h; sourceTree = "<group>"; };
		9659D358223659EA00383F40 /* YbsAlertView.m */ = {isa = PBXFileReference; lastKnownFileType = sourcecode.c.objc; path = YbsAlertView.m; sourceTree = "<group>"; };
		966F996E21F4650B006D7209 /* PrefixHeader.pch */ = {isa = PBXFileReference; lastKnownFileType = sourcecode.c.h; path = PrefixHeader.pch; sourceTree = "<group>"; };
		966F997521F47335006D7209 /* YbsWebViewController.h */ = {isa = PBXFileReference; lastKnownFileType = sourcecode.c.h; path = YbsWebViewController.h; sourceTree = "<group>"; };
		966F997621F47335006D7209 /* YbsWebViewController.m */ = {isa = PBXFileReference; lastKnownFileType = sourcecode.c.objc; path = YbsWebViewController.m; sourceTree = "<group>"; };
		966F997C21F5A369006D7209 /* YbsBaseViewController.h */ = {isa = PBXFileReference; lastKnownFileType = sourcecode.c.h; path = YbsBaseViewController.h; sourceTree = "<group>"; };
		966F997D21F5A369006D7209 /* YbsBaseViewController.m */ = {isa = PBXFileReference; lastKnownFileType = sourcecode.c.objc; path = YbsBaseViewController.m; sourceTree = "<group>"; };
		966F997F21F5A3DF006D7209 /* YbsNavTitleView.h */ = {isa = PBXFileReference; lastKnownFileType = sourcecode.c.h; path = YbsNavTitleView.h; sourceTree = "<group>"; };
		966F998021F5A3DF006D7209 /* YbsNavTitleView.m */ = {isa = PBXFileReference; lastKnownFileType = sourcecode.c.objc; path = YbsNavTitleView.m; sourceTree = "<group>"; };
		966F998221F5A44D006D7209 /* YbsNavBarButton.h */ = {isa = PBXFileReference; lastKnownFileType = sourcecode.c.h; path = YbsNavBarButton.h; sourceTree = "<group>"; };
		966F998321F5A44D006D7209 /* YbsNavBarButton.m */ = {isa = PBXFileReference; lastKnownFileType = sourcecode.c.objc; path = YbsNavBarButton.m; sourceTree = "<group>"; };
		967858972237B2BF0051A225 /* UITextView+XGPlaceholder.m */ = {isa = PBXFileReference; fileEncoding = 4; lastKnownFileType = sourcecode.c.objc; path = "UITextView+XGPlaceholder.m"; sourceTree = "<group>"; };
		967858982237B2BF0051A225 /* UITextView+XGPlaceholder.h */ = {isa = PBXFileReference; fileEncoding = 4; lastKnownFileType = sourcecode.c.h; path = "UITextView+XGPlaceholder.h"; sourceTree = "<group>"; };
		96A5D4B0225C44D300DF83B7 /* UserNotifications.framework */ = {isa = PBXFileReference; lastKnownFileType = wrapper.framework; name = UserNotifications.framework; path = System/Library/Frameworks/UserNotifications.framework; sourceTree = SDKROOT; };
		96A5D5102264223300DF83B7 /* YbsHomeViewController.h */ = {isa = PBXFileReference; lastKnownFileType = sourcecode.c.h; path = YbsHomeViewController.h; sourceTree = "<group>"; };
		96A5D5112264223300DF83B7 /* YbsHomeViewController.m */ = {isa = PBXFileReference; lastKnownFileType = sourcecode.c.objc; path = YbsHomeViewController.m; sourceTree = "<group>"; };
		96A5D5132264227C00DF83B7 /* YbsMeViewController.h */ = {isa = PBXFileReference; lastKnownFileType = sourcecode.c.h; path = YbsMeViewController.h; sourceTree = "<group>"; };
		96A5D5142264227C00DF83B7 /* YbsMeViewController.m */ = {isa = PBXFileReference; lastKnownFileType = sourcecode.c.objc; path = YbsMeViewController.m; sourceTree = "<group>"; };
		96A5D5162264250500DF83B7 /* MBProgressHUD+YbsUtil.h */ = {isa = PBXFileReference; lastKnownFileType = sourcecode.c.h; path = "MBProgressHUD+YbsUtil.h"; sourceTree = "<group>"; };
		96A5D5172264250500DF83B7 /* MBProgressHUD+YbsUtil.m */ = {isa = PBXFileReference; lastKnownFileType = sourcecode.c.objc; path = "MBProgressHUD+YbsUtil.m"; sourceTree = "<group>"; };
		96A8B1B62220DD85006B27A6 /* YbsLoginViewController.h */ = {isa = PBXFileReference; lastKnownFileType = sourcecode.c.h; path = YbsLoginViewController.h; sourceTree = "<group>"; };
		96A8B1B72220DD85006B27A6 /* YbsLoginViewController.m */ = {isa = PBXFileReference; lastKnownFileType = sourcecode.c.objc; path = YbsLoginViewController.m; sourceTree = "<group>"; };
		96B325212234DD0C0060B306 /* NSTimer+FY.h */ = {isa = PBXFileReference; fileEncoding = 4; lastKnownFileType = sourcecode.c.h; path = "NSTimer+FY.h"; sourceTree = "<group>"; };
		96B325222234DD0C0060B306 /* NSTimer+FY.m */ = {isa = PBXFileReference; fileEncoding = 4; lastKnownFileType = sourcecode.c.objc; path = "NSTimer+FY.m"; sourceTree = "<group>"; };
		96CA2F2621FEDA48003A72C7 /* YbsWelcomeViewController.h */ = {isa = PBXFileReference; lastKnownFileType = sourcecode.c.h; path = YbsWelcomeViewController.h; sourceTree = "<group>"; };
		96CA2F2721FEDA48003A72C7 /* YbsWelcomeViewController.m */ = {isa = PBXFileReference; lastKnownFileType = sourcecode.c.objc; path = YbsWelcomeViewController.m; sourceTree = "<group>"; };
		96E1619221F1935E005BF9A5 /* YbsMacro.h */ = {isa = PBXFileReference; lastKnownFileType = sourcecode.c.h; path = YbsMacro.h; sourceTree = "<group>"; };
		96E161D021F1C8E8005BF9A5 /* NSString+Ybs.h */ = {isa = PBXFileReference; lastKnownFileType = sourcecode.c.h; path = "NSString+Ybs.h"; sourceTree = "<group>"; };
		96E161D121F1C8E8005BF9A5 /* NSString+Ybs.m */ = {isa = PBXFileReference; lastKnownFileType = sourcecode.c.objc; path = "NSString+Ybs.m"; sourceTree = "<group>"; };
		96E161D921F1D849005BF9A5 /* UIViewController+YbsUtil.h */ = {isa = PBXFileReference; lastKnownFileType = sourcecode.c.h; path = "UIViewController+YbsUtil.h"; sourceTree = "<group>"; };
		96E161DA21F1D849005BF9A5 /* UIViewController+YbsUtil.m */ = {isa = PBXFileReference; lastKnownFileType = sourcecode.c.objc; path = "UIViewController+YbsUtil.m"; sourceTree = "<group>"; };
		96E161DF21F2E6EF005BF9A5 /* UIColor+YbsUtil.h */ = {isa = PBXFileReference; lastKnownFileType = sourcecode.c.h; path = "UIColor+YbsUtil.h"; sourceTree = "<group>"; };
		96E161E021F2E6EF005BF9A5 /* UIColor+YbsUtil.m */ = {isa = PBXFileReference; lastKnownFileType = sourcecode.c.objc; path = "UIColor+YbsUtil.m"; sourceTree = "<group>"; };
		96EC51F121EED3D0000F7692 /* YbsApi.h */ = {isa = PBXFileReference; lastKnownFileType = sourcecode.c.h; path = YbsApi.h; sourceTree = "<group>"; };
		96EC51F221EED3D0000F7692 /* YbsApi.m */ = {isa = PBXFileReference; lastKnownFileType = sourcecode.c.objc; path = YbsApi.m; sourceTree = "<group>"; };
		96EC51F421F0681C000F7692 /* YbsNetworkUtil.h */ = {isa = PBXFileReference; lastKnownFileType = sourcecode.c.h; path = YbsNetworkUtil.h; sourceTree = "<group>"; };
		96EC51F521F0681C000F7692 /* YbsNetworkUtil.m */ = {isa = PBXFileReference; lastKnownFileType = sourcecode.c.objc; path = YbsNetworkUtil.m; sourceTree = "<group>"; };
		96EF48A12243912100F849A8 /* UIImage+YbsUtil.h */ = {isa = PBXFileReference; lastKnownFileType = sourcecode.c.h; path = "UIImage+YbsUtil.h"; sourceTree = "<group>"; };
		96EF48A22243912100F849A8 /* UIImage+YbsUtil.m */ = {isa = PBXFileReference; lastKnownFileType = sourcecode.c.objc; path = "UIImage+YbsUtil.m"; sourceTree = "<group>"; };
		96EF48A42248CE3100F849A8 /* UIButton+Layout.m */ = {isa = PBXFileReference; fileEncoding = 4; lastKnownFileType = sourcecode.c.objc; path = "UIButton+Layout.m"; sourceTree = "<group>"; };
		96EF48A52248CE3100F849A8 /* UIButton+Layout.h */ = {isa = PBXFileReference; fileEncoding = 4; lastKnownFileType = sourcecode.c.h; path = "UIButton+Layout.h"; sourceTree = "<group>"; };
		96EF48A7224CC93200F849A8 /* TaskAround.entitlements */ = {isa = PBXFileReference; lastKnownFileType = text.plist.entitlements; path = TaskAround.entitlements; sourceTree = "<group>"; };
		96EF48AD224CD8D200F849A8 /* NotificationService.appex */ = {isa = PBXFileReference; explicitFileType = "wrapper.app-extension"; includeInIndex = 0; path = NotificationService.appex; sourceTree = BUILT_PRODUCTS_DIR; };
		96EF48AF224CD8D200F849A8 /* NotificationService.h */ = {isa = PBXFileReference; lastKnownFileType = sourcecode.c.h; path = NotificationService.h; sourceTree = "<group>"; };
		96EF48B0224CD8D200F849A8 /* NotificationService.m */ = {isa = PBXFileReference; lastKnownFileType = sourcecode.c.objc; path = NotificationService.m; sourceTree = "<group>"; };
		96EF48B2224CD8D200F849A8 /* Info.plist */ = {isa = PBXFileReference; lastKnownFileType = text.plist.xml; path = Info.plist; sourceTree = "<group>"; };
		B7607E9020EA008B00FAFCDF /* TaskAround.app */ = {isa = PBXFileReference; explicitFileType = wrapper.application; includeInIndex = 0; path = TaskAround.app; sourceTree = BUILT_PRODUCTS_DIR; };
		B7607E9320EA008B00FAFCDF /* AppDelegate.h */ = {isa = PBXFileReference; lastKnownFileType = sourcecode.c.h; path = AppDelegate.h; sourceTree = "<group>"; };
		B7607E9420EA008B00FAFCDF /* AppDelegate.m */ = {isa = PBXFileReference; lastKnownFileType = sourcecode.c.objc; path = AppDelegate.m; sourceTree = "<group>"; };
		B7607E9620EA008B00FAFCDF /* ViewController.h */ = {isa = PBXFileReference; lastKnownFileType = sourcecode.c.h; path = ViewController.h; sourceTree = "<group>"; };
		B7607E9720EA008B00FAFCDF /* ViewController.m */ = {isa = PBXFileReference; lastKnownFileType = sourcecode.c.objc; path = ViewController.m; sourceTree = "<group>"; };
		B7607E9A20EA008B00FAFCDF /* Base */ = {isa = PBXFileReference; lastKnownFileType = file.storyboard; name = Base; path = Base.lproj/Main.storyboard; sourceTree = "<group>"; };
		B7607E9C20EA008C00FAFCDF /* Assets.xcassets */ = {isa = PBXFileReference; lastKnownFileType = folder.assetcatalog; path = Assets.xcassets; sourceTree = "<group>"; };
		B7607E9F20EA008C00FAFCDF /* Base */ = {isa = PBXFileReference; lastKnownFileType = file.storyboard; name = Base; path = Base.lproj/LaunchScreen.storyboard; sourceTree = "<group>"; };
		B7607EA120EA008C00FAFCDF /* Info.plist */ = {isa = PBXFileReference; lastKnownFileType = text.plist.xml; path = Info.plist; sourceTree = "<group>"; };
		B7607EA220EA008C00FAFCDF /* main.m */ = {isa = PBXFileReference; lastKnownFileType = sourcecode.c.objc; path = main.m; sourceTree = "<group>"; };
		B7607EA820EA008C00FAFCDF /* TaskAroundTests.xctest */ = {isa = PBXFileReference; explicitFileType = wrapper.cfbundle; includeInIndex = 0; path = TaskAroundTests.xctest; sourceTree = BUILT_PRODUCTS_DIR; };
		B7607EAC20EA008C00FAFCDF /* TaskAroundTests.m */ = {isa = PBXFileReference; lastKnownFileType = sourcecode.c.objc; path = TaskAroundTests.m; sourceTree = "<group>"; };
		B7607EAE20EA008C00FAFCDF /* Info.plist */ = {isa = PBXFileReference; lastKnownFileType = text.plist.xml; path = Info.plist; sourceTree = "<group>"; };
		B7607EB320EA008C00FAFCDF /* TaskAroundUITests.xctest */ = {isa = PBXFileReference; explicitFileType = wrapper.cfbundle; includeInIndex = 0; path = TaskAroundUITests.xctest; sourceTree = BUILT_PRODUCTS_DIR; };
		B7607EB720EA008C00FAFCDF /* TaskAroundUITests.m */ = {isa = PBXFileReference; lastKnownFileType = sourcecode.c.objc; path = TaskAroundUITests.m; sourceTree = "<group>"; };
		B7607EB920EA008C00FAFCDF /* Info.plist */ = {isa = PBXFileReference; lastKnownFileType = text.plist.xml; path = Info.plist; sourceTree = "<group>"; };
		B7607ECE20EA0A3E00FAFCDF /* YbsHeader.h */ = {isa = PBXFileReference; lastKnownFileType = sourcecode.c.h; path = YbsHeader.h; sourceTree = "<group>"; };
		B7607F8720EA1A9900FAFCDF /* YbsNavigationController.h */ = {isa = PBXFileReference; fileEncoding = 4; lastKnownFileType = sourcecode.c.h; path = YbsNavigationController.h; sourceTree = "<group>"; };
		B7607F8820EA1A9900FAFCDF /* YbsNavigationController.m */ = {isa = PBXFileReference; fileEncoding = 4; lastKnownFileType = sourcecode.c.objc; path = YbsNavigationController.m; sourceTree = "<group>"; };
		B7607F8A20EA1AC100FAFCDF /* YbsTabBarController.h */ = {isa = PBXFileReference; lastKnownFileType = sourcecode.c.h; path = YbsTabBarController.h; sourceTree = "<group>"; };
		B7607F8B20EA1AC100FAFCDF /* YbsTabBarController.m */ = {isa = PBXFileReference; lastKnownFileType = sourcecode.c.objc; path = YbsTabBarController.m; sourceTree = "<group>"; };
		C80BE929A71E682E9871F943 /* Pods-TaskAround.debug.xcconfig */ = {isa = PBXFileReference; includeInIndex = 1; lastKnownFileType = text.xcconfig; name = "Pods-TaskAround.debug.xcconfig"; path = "Pods/Target Support Files/Pods-TaskAround/Pods-TaskAround.debug.xcconfig"; sourceTree = "<group>"; };
/* End PBXFileReference section */

/* Begin PBXFrameworksBuildPhase section */
		96EF48AA224CD8D200F849A8 /* Frameworks */ = {
			isa = PBXFrameworksBuildPhase;
			buildActionMask = 2147483647;
			files = (
			);
			runOnlyForDeploymentPostprocessing = 0;
		};
		B7607E8D20EA008B00FAFCDF /* Frameworks */ = {
			isa = PBXFrameworksBuildPhase;
			buildActionMask = 2147483647;
			files = (
				96A5D4B1225C44D300DF83B7 /* UserNotifications.framework in Frameworks */,
				2516356EE0F312A17B4B3629 /* libPods-TaskAround.a in Frameworks */,
			);
			runOnlyForDeploymentPostprocessing = 0;
		};
		B7607EA520EA008C00FAFCDF /* Frameworks */ = {
			isa = PBXFrameworksBuildPhase;
			buildActionMask = 2147483647;
			files = (
			);
			runOnlyForDeploymentPostprocessing = 0;
		};
		B7607EB020EA008C00FAFCDF /* Frameworks */ = {
			isa = PBXFrameworksBuildPhase;
			buildActionMask = 2147483647;
			files = (
			);
			runOnlyForDeploymentPostprocessing = 0;
		};
/* End PBXFrameworksBuildPhase section */

/* Begin PBXGroup section */
		096C8F61F8F4E42CC0FE57A5 /* Frameworks */ = {
			isa = PBXGroup;
			children = (
				96A5D4B0225C44D300DF83B7 /* UserNotifications.framework */,
				6CD5BF41EF22DF15FE5072D7 /* libPods-NotificationService.a */,
				7FCDB16D0097CACF46A388C3 /* libPods-TaskAround.a */,
			);
			name = Frameworks;
			sourceTree = "<group>";
		};
		3B29192509473420D10FBAB3 /* Pods */ = {
			isa = PBXGroup;
			children = (
				C80BE929A71E682E9871F943 /* Pods-TaskAround.debug.xcconfig */,
				32AECDC9D8A6C5C86C28CBC6 /* Pods-TaskAround.release.xcconfig */,
			);
			name = Pods;
			sourceTree = "<group>";
		};
		96608DD3221EDF8700BB7A1D /* Me */ = {
			isa = PBXGroup;
			children = (
				96AABCA72241DE65009740CE /* Model */,
				96AABCA62241DDAB009740CE /* View */,
				96AABCA52241DBC1009740CE /* Controller */,
			);
			path = Me;
			sourceTree = "<group>";
		};
		966F997821F59E92006D7209 /* Home */ = {
			isa = PBXGroup;
			children = (
				96AABCA32241DA5D009740CE /* Model */,
				96AABCA22241D960009740CE /* View */,
				96AABCA12241D8A9009740CE /* Controller */,
			);
			path = Home;
			sourceTree = "<group>";
		};
		96AABCA12241D8A9009740CE /* Controller */ = {
			isa = PBXGroup;
			children = (
				96A5D5102264223300DF83B7 /* YbsHomeViewController.h */,
				96A5D5112264223300DF83B7 /* YbsHomeViewController.m */,
			);
			path = Controller;
			sourceTree = "<group>";
		};
		96AABCA22241D960009740CE /* View */ = {
			isa = PBXGroup;
			children = (
			);
			path = View;
			sourceTree = "<group>";
		};
		96AABCA32241DA5D009740CE /* Model */ = {
			isa = PBXGroup;
			children = (
			);
			path = Model;
			sourceTree = "<group>";
		};
		96AABCA42241DB49009740CE /* Common */ = {
			isa = PBXGroup;
			children = (
				96CA2F2621FEDA48003A72C7 /* YbsWelcomeViewController.h */,
				96CA2F2721FEDA48003A72C7 /* YbsWelcomeViewController.m */,
				96A8B1B62220DD85006B27A6 /* YbsLoginViewController.h */,
				96A8B1B72220DD85006B27A6 /* YbsLoginViewController.m */,
				966F997521F47335006D7209 /* YbsWebViewController.h */,
				966F997621F47335006D7209 /* YbsWebViewController.m */,
				9659D357223659EA00383F40 /* YbsAlertView.h */,
				9659D358223659EA00383F40 /* YbsAlertView.m */,
			);
			path = Common;
			sourceTree = "<group>";
		};
		96AABCA52241DBC1009740CE /* Controller */ = {
			isa = PBXGroup;
			children = (
				96A5D5132264227C00DF83B7 /* YbsMeViewController.h */,
				96A5D5142264227C00DF83B7 /* YbsMeViewController.m */,
			);
			path = Controller;
			sourceTree = "<group>";
		};
		96AABCA62241DDAB009740CE /* View */ = {
			isa = PBXGroup;
			children = (
			);
			path = View;
			sourceTree = "<group>";
		};
		96AABCA72241DE65009740CE /* Model */ = {
			isa = PBXGroup;
			children = (
			);
			path = Model;
			sourceTree = "<group>";
		};
		96E161E221F306DF005BF9A5 /* YbsCategory */ = {
			isa = PBXGroup;
			children = (
				96EF48A52248CE3100F849A8 /* UIButton+Layout.h */,
				96EF48A42248CE3100F849A8 /* UIButton+Layout.m */,
				96B325212234DD0C0060B306 /* NSTimer+FY.h */,
				96B325222234DD0C0060B306 /* NSTimer+FY.m */,
				96E161D921F1D849005BF9A5 /* UIViewController+YbsUtil.h */,
				96E161DA21F1D849005BF9A5 /* UIViewController+YbsUtil.m */,
				96A5D5162264250500DF83B7 /* MBProgressHUD+YbsUtil.h */,
				96A5D5172264250500DF83B7 /* MBProgressHUD+YbsUtil.m */,
				96E161D021F1C8E8005BF9A5 /* NSString+Ybs.h */,
				96E161D121F1C8E8005BF9A5 /* NSString+Ybs.m */,
				96E161DF21F2E6EF005BF9A5 /* UIColor+YbsUtil.h */,
				96E161E021F2E6EF005BF9A5 /* UIColor+YbsUtil.m */,
				9640000A222E842900D43370 /* NSDictionary+YbsObject.h */,
				9640000B222E842900D43370 /* NSDictionary+YbsObject.m */,
				967858982237B2BF0051A225 /* UITextView+XGPlaceholder.h */,
				967858972237B2BF0051A225 /* UITextView+XGPlaceholder.m */,
				9649CA28223A5FC700B36542 /* UITableView+HD_NoList.h */,
				9649CA29223A5FC700B36542 /* UITableView+HD_NoList.m */,
				9659D34E2236229C00383F40 /* UIButton+EnlargeTouchArea.h */,
				9659D34F2236229C00383F40 /* UIButton+EnlargeTouchArea.m */,
				9659D3542236262D00383F40 /* UIBarButtonItem+YbsAdd.h */,
				9659D3552236262D00383F40 /* UIBarButtonItem+YbsAdd.m */,
				96EF48A12243912100F849A8 /* UIImage+YbsUtil.h */,
				96EF48A22243912100F849A8 /* UIImage+YbsUtil.m */,
			);
			path = YbsCategory;
			sourceTree = "<group>";
		};
		96EF48AE224CD8D200F849A8 /* NotificationService */ = {
			isa = PBXGroup;
			children = (
				96EF48AF224CD8D200F849A8 /* NotificationService.h */,
				96EF48B0224CD8D200F849A8 /* NotificationService.m */,
				96EF48B2224CD8D200F849A8 /* Info.plist */,
			);
			path = NotificationService;
			sourceTree = "<group>";
		};
		B7607E8720EA008B00FAFCDF = {
			isa = PBXGroup;
			children = (
				B7607E9220EA008B00FAFCDF /* TaskAround */,
				B7607EAB20EA008C00FAFCDF /* TaskAroundTests */,
				B7607EB620EA008C00FAFCDF /* TaskAroundUITests */,
				96EF48AE224CD8D200F849A8 /* NotificationService */,
				B7607E9120EA008B00FAFCDF /* Products */,
				3B29192509473420D10FBAB3 /* Pods */,
				096C8F61F8F4E42CC0FE57A5 /* Frameworks */,
			);
			sourceTree = "<group>";
		};
		B7607E9120EA008B00FAFCDF /* Products */ = {
			isa = PBXGroup;
			children = (
				B7607E9020EA008B00FAFCDF /* TaskAround.app */,
				B7607EA820EA008C00FAFCDF /* TaskAroundTests.xctest */,
				B7607EB320EA008C00FAFCDF /* TaskAroundUITests.xctest */,
				96EF48AD224CD8D200F849A8 /* NotificationService.appex */,
			);
			name = Products;
			sourceTree = "<group>";
		};
		B7607E9220EA008B00FAFCDF /* TaskAround */ = {
			isa = PBXGroup;
			children = (
				96EF48A7224CC93200F849A8 /* TaskAround.entitlements */,
				96AABCA42241DB49009740CE /* Common */,
				B7607ED320EA0C0600FAFCDF /* NetWork */,
				966F997821F59E92006D7209 /* Home */,
				96608DD3221EDF8700BB7A1D /* Me */,
				96E161E221F306DF005BF9A5 /* YbsCategory */,
				B7607ECB20EA025500FAFCDF /* Root */,
				B7607E9620EA008B00FAFCDF /* ViewController.h */,
				B7607E9720EA008B00FAFCDF /* ViewController.m */,
				B7607E9320EA008B00FAFCDF /* AppDelegate.h */,
				B7607E9420EA008B00FAFCDF /* AppDelegate.m */,
				B7607ECE20EA0A3E00FAFCDF /* YbsHeader.h */,
				96E1619221F1935E005BF9A5 /* YbsMacro.h */,
				966F996E21F4650B006D7209 /* PrefixHeader.pch */,
				B7607E9920EA008B00FAFCDF /* Main.storyboard */,
				B7607E9C20EA008C00FAFCDF /* Assets.xcassets */,
				B7607E9E20EA008C00FAFCDF /* LaunchScreen.storyboard */,
				B7607EA120EA008C00FAFCDF /* Info.plist */,
				B7607EA220EA008C00FAFCDF /* main.m */,
			);
			path = TaskAround;
			sourceTree = "<group>";
		};
		B7607EAB20EA008C00FAFCDF /* TaskAroundTests */ = {
			isa = PBXGroup;
			children = (
				B7607EAC20EA008C00FAFCDF /* TaskAroundTests.m */,
				B7607EAE20EA008C00FAFCDF /* Info.plist */,
			);
			path = TaskAroundTests;
			sourceTree = "<group>";
		};
		B7607EB620EA008C00FAFCDF /* TaskAroundUITests */ = {
			isa = PBXGroup;
			children = (
				B7607EB720EA008C00FAFCDF /* TaskAroundUITests.m */,
				B7607EB920EA008C00FAFCDF /* Info.plist */,
			);
			path = TaskAroundUITests;
			sourceTree = "<group>";
		};
		B7607ECB20EA025500FAFCDF /* Root */ = {
			isa = PBXGroup;
			children = (
				966F997C21F5A369006D7209 /* YbsBaseViewController.h */,
				966F997D21F5A369006D7209 /* YbsBaseViewController.m */,
				966F997F21F5A3DF006D7209 /* YbsNavTitleView.h */,
				966F998021F5A3DF006D7209 /* YbsNavTitleView.m */,
				966F998221F5A44D006D7209 /* YbsNavBarButton.h */,
				966F998321F5A44D006D7209 /* YbsNavBarButton.m */,
				B7607F8A20EA1AC100FAFCDF /* YbsTabBarController.h */,
				B7607F8B20EA1AC100FAFCDF /* YbsTabBarController.m */,
				B7607F8720EA1A9900FAFCDF /* YbsNavigationController.h */,
				B7607F8820EA1A9900FAFCDF /* YbsNavigationController.m */,
				9659D351223625AC00383F40 /* BackView.h */,
				9659D352223625AC00383F40 /* BackView.m */,
			);
			path = Root;
			sourceTree = "<group>";
		};
		B7607ED320EA0C0600FAFCDF /* NetWork */ = {
			isa = PBXGroup;
			children = (
				96EC51F121EED3D0000F7692 /* YbsApi.h */,
				96EC51F221EED3D0000F7692 /* YbsApi.m */,
				96EC51F421F0681C000F7692 /* YbsNetworkUtil.h */,
				96EC51F521F0681C000F7692 /* YbsNetworkUtil.m */,
			);
			name = NetWork;
			path = TaskAround/NetWork;
			sourceTree = SOURCE_ROOT;
		};
/* End PBXGroup section */

/* Begin PBXNativeTarget section */
		96EF48AC224CD8D200F849A8 /* NotificationService */ = {
			isa = PBXNativeTarget;
			buildConfigurationList = 96EF48B6224CD8D200F849A8 /* Build configuration list for PBXNativeTarget "NotificationService" */;
			buildPhases = (
				96EF48A9224CD8D200F849A8 /* Sources */,
				96EF48AA224CD8D200F849A8 /* Frameworks */,
				96EF48AB224CD8D200F849A8 /* Resources */,
			);
			buildRules = (
			);
			dependencies = (
			);
			name = NotificationService;
			productName = NotificationService;
			productReference = 96EF48AD224CD8D200F849A8 /* NotificationService.appex */;
			productType = "com.apple.product-type.app-extension";
		};
		B7607E8F20EA008B00FAFCDF /* TaskAround */ = {
			isa = PBXNativeTarget;
			buildConfigurationList = B7607EBC20EA008C00FAFCDF /* Build configuration list for PBXNativeTarget "TaskAround" */;
			buildPhases = (
				7FA671CE93D3B5DEE5BAFE44 /* [CP] Check Pods Manifest.lock */,
				B7607E8C20EA008B00FAFCDF /* Sources */,
				B7607E8D20EA008B00FAFCDF /* Frameworks */,
				B7607E8E20EA008B00FAFCDF /* Resources */,
				D926386FAE2D3DD74664443E /* [CP] Copy Pods Resources */,
				96EF48B9224CD8D200F849A8 /* Embed App Extensions */,
			);
			buildRules = (
			);
			dependencies = (
				96EF48B4224CD8D200F849A8 /* PBXTargetDependency */,
			);
			name = TaskAround;
			productName = TaskAround;
			productReference = B7607E9020EA008B00FAFCDF /* TaskAround.app */;
			productType = "com.apple.product-type.application";
		};
		B7607EA720EA008C00FAFCDF /* TaskAroundTests */ = {
			isa = PBXNativeTarget;
			buildConfigurationList = B7607EBF20EA008C00FAFCDF /* Build configuration list for PBXNativeTarget "TaskAroundTests" */;
			buildPhases = (
				B7607EA420EA008C00FAFCDF /* Sources */,
				B7607EA520EA008C00FAFCDF /* Frameworks */,
				B7607EA620EA008C00FAFCDF /* Resources */,
			);
			buildRules = (
			);
			dependencies = (
				B7607EAA20EA008C00FAFCDF /* PBXTargetDependency */,
			);
			name = TaskAroundTests;
			productName = TaskAroundTests;
			productReference = B7607EA820EA008C00FAFCDF /* TaskAroundTests.xctest */;
			productType = "com.apple.product-type.bundle.unit-test";
		};
		B7607EB220EA008C00FAFCDF /* TaskAroundUITests */ = {
			isa = PBXNativeTarget;
			buildConfigurationList = B7607EC220EA008C00FAFCDF /* Build configuration list for PBXNativeTarget "TaskAroundUITests" */;
			buildPhases = (
				B7607EAF20EA008C00FAFCDF /* Sources */,
				B7607EB020EA008C00FAFCDF /* Frameworks */,
				B7607EB120EA008C00FAFCDF /* Resources */,
			);
			buildRules = (
			);
			dependencies = (
				B7607EB520EA008C00FAFCDF /* PBXTargetDependency */,
			);
			name = TaskAroundUITests;
			productName = TaskAroundUITests;
			productReference = B7607EB320EA008C00FAFCDF /* TaskAroundUITests.xctest */;
			productType = "com.apple.product-type.bundle.ui-testing";
		};
/* End PBXNativeTarget section */

/* Begin PBXProject section */
		B7607E8820EA008B00FAFCDF /* Project object */ = {
			isa = PBXProject;
			attributes = {
				LastUpgradeCheck = 0930;
				ORGANIZATIONNAME = Yunbangshou;
				TargetAttributes = {
					96EF48AC224CD8D200F849A8 = {
						CreatedOnToolsVersion = 10.1;
					};
					B7607E8F20EA008B00FAFCDF = {
						CreatedOnToolsVersion = 9.3.1;
						SystemCapabilities = {
							com.apple.AccessWiFi = {
								enabled = 1;
							};
							com.apple.BackgroundModes = {
								enabled = 1;
							};
							com.apple.Push = {
								enabled = 1;
							};
						};
					};
					B7607EA720EA008C00FAFCDF = {
						CreatedOnToolsVersion = 9.3.1;
						TestTargetID = B7607E8F20EA008B00FAFCDF;
					};
					B7607EB220EA008C00FAFCDF = {
						CreatedOnToolsVersion = 9.3.1;
						TestTargetID = B7607E8F20EA008B00FAFCDF;
					};
				};
			};
			buildConfigurationList = B7607E8B20EA008B00FAFCDF /* Build configuration list for PBXProject "TaskAround" */;
			compatibilityVersion = "Xcode 9.3";
			developmentRegion = en;
			hasScannedForEncodings = 0;
			knownRegions = (
				en,
				Base,
				"zh-Hans",
				ja,
			);
			mainGroup = B7607E8720EA008B00FAFCDF;
			productRefGroup = B7607E9120EA008B00FAFCDF /* Products */;
			projectDirPath = "";
			projectRoot = "";
			targets = (
				B7607E8F20EA008B00FAFCDF /* TaskAround */,
				B7607EA720EA008C00FAFCDF /* TaskAroundTests */,
				B7607EB220EA008C00FAFCDF /* TaskAroundUITests */,
				96EF48AC224CD8D200F849A8 /* NotificationService */,
			);
		};
/* End PBXProject section */

/* Begin PBXResourcesBuildPhase section */
		96EF48AB224CD8D200F849A8 /* Resources */ = {
			isa = PBXResourcesBuildPhase;
			buildActionMask = 2147483647;
			files = (
			);
			runOnlyForDeploymentPostprocessing = 0;
		};
		B7607E8E20EA008B00FAFCDF /* Resources */ = {
			isa = PBXResourcesBuildPhase;
			buildActionMask = 2147483647;
			files = (
				B7607EA020EA008C00FAFCDF /* LaunchScreen.storyboard in Resources */,
				B7607E9D20EA008C00FAFCDF /* Assets.xcassets in Resources */,
				B7607E9B20EA008B00FAFCDF /* Main.storyboard in Resources */,
			);
			runOnlyForDeploymentPostprocessing = 0;
		};
		B7607EA620EA008C00FAFCDF /* Resources */ = {
			isa = PBXResourcesBuildPhase;
			buildActionMask = 2147483647;
			files = (
			);
			runOnlyForDeploymentPostprocessing = 0;
		};
		B7607EB120EA008C00FAFCDF /* Resources */ = {
			isa = PBXResourcesBuildPhase;
			buildActionMask = 2147483647;
			files = (
			);
			runOnlyForDeploymentPostprocessing = 0;
		};
/* End PBXResourcesBuildPhase section */

/* Begin PBXShellScriptBuildPhase section */
		7FA671CE93D3B5DEE5BAFE44 /* [CP] Check Pods Manifest.lock */ = {
			isa = PBXShellScriptBuildPhase;
			buildActionMask = 2147483647;
			files = (
			);
			inputPaths = (
				"${PODS_PODFILE_DIR_PATH}/Podfile.lock",
				"${PODS_ROOT}/Manifest.lock",
			);
			name = "[CP] Check Pods Manifest.lock";
			outputPaths = (
				"$(DERIVED_FILE_DIR)/Pods-TaskAround-checkManifestLockResult.txt",
			);
			runOnlyForDeploymentPostprocessing = 0;
			shellPath = /bin/sh;
			shellScript = "diff \"${PODS_PODFILE_DIR_PATH}/Podfile.lock\" \"${PODS_ROOT}/Manifest.lock\" > /dev/null\nif [ $? != 0 ] ; then\n    # print error to STDERR\n    echo \"error: The sandbox is not in sync with the Podfile.lock. Run 'pod install' or update your CocoaPods installation.\" >&2\n    exit 1\nfi\n# This output is used by Xcode 'outputs' to avoid re-running this script phase.\necho \"SUCCESS\" > \"${SCRIPT_OUTPUT_FILE_0}\"\n";
			showEnvVarsInLog = 0;
		};
		D926386FAE2D3DD74664443E /* [CP] Copy Pods Resources */ = {
			isa = PBXShellScriptBuildPhase;
			buildActionMask = 2147483647;
			files = (
			);
			inputPaths = (
				"${SRCROOT}/Pods/Target Support Files/Pods-TaskAround/Pods-TaskAround-resources.sh",
				"${PODS_ROOT}/IQKeyboardManager/IQKeyboardManager/Resources/IQKeyboardManager.bundle",
				"${PODS_ROOT}/MJRefresh/MJRefresh/MJRefresh.bundle",
				"${PODS_ROOT}/SVProgressHUD/SVProgressHUD/SVProgressHUD.bundle",
			);
			name = "[CP] Copy Pods Resources";
			outputPaths = (
				"${TARGET_BUILD_DIR}/${UNLOCALIZED_RESOURCES_FOLDER_PATH}/IQKeyboardManager.bundle",
				"${TARGET_BUILD_DIR}/${UNLOCALIZED_RESOURCES_FOLDER_PATH}/MJRefresh.bundle",
				"${TARGET_BUILD_DIR}/${UNLOCALIZED_RESOURCES_FOLDER_PATH}/SVProgressHUD.bundle",
			);
			runOnlyForDeploymentPostprocessing = 0;
			shellPath = /bin/sh;
			shellScript = "\"${SRCROOT}/Pods/Target Support Files/Pods-TaskAround/Pods-TaskAround-resources.sh\"\n";
			showEnvVarsInLog = 0;
		};
/* End PBXShellScriptBuildPhase section */

/* Begin PBXSourcesBuildPhase section */
		96EF48A9224CD8D200F849A8 /* Sources */ = {
			isa = PBXSourcesBuildPhase;
			buildActionMask = 2147483647;
			files = (
				96EF48B1224CD8D200F849A8 /* NotificationService.m in Sources */,
			);
			runOnlyForDeploymentPostprocessing = 0;
		};
		B7607E8C20EA008B00FAFCDF /* Sources */ = {
			isa = PBXSourcesBuildPhase;
			buildActionMask = 2147483647;
			files = (
				96E161D221F1C8E8005BF9A5 /* NSString+Ybs.m in Sources */,
				96A8B1B82220DD85006B27A6 /* YbsLoginViewController.m in Sources */,
				966F997721F47335006D7209 /* YbsWebViewController.m in Sources */,
				96EC51F621F0681C000F7692 /* YbsNetworkUtil.m in Sources */,
				96A5D5122264223300DF83B7 /* YbsHomeViewController.m in Sources */,
				966F998121F5A3DF006D7209 /* YbsNavTitleView.m in Sources */,
				96A5D5182264250500DF83B7 /* MBProgressHUD+YbsUtil.m in Sources */,
				9649CA2A223A5FC700B36542 /* UITableView+HD_NoList.m in Sources */,
				96E161E121F2E6EF005BF9A5 /* UIColor+YbsUtil.m in Sources */,
				B7607E9820EA008B00FAFCDF /* ViewController.m in Sources */,
				96B325232234DD0D0060B306 /* NSTimer+FY.m in Sources */,
				96EC51F321EED3D0000F7692 /* YbsApi.m in Sources */,
				B7607EA320EA008C00FAFCDF /* main.m in Sources */,
				B7607E9520EA008B00FAFCDF /* AppDelegate.m in Sources */,
				967858992237B2BF0051A225 /* UITextView+XGPlaceholder.m in Sources */,
				966F997E21F5A369006D7209 /* YbsBaseViewController.m in Sources */,
				9659D353223625AC00383F40 /* BackView.m in Sources */,
				96A5D5152264227C00DF83B7 /* YbsMeViewController.m in Sources */,
				96CA2F2821FEDA48003A72C7 /* YbsWelcomeViewController.m in Sources */,
				9659D3502236229C00383F40 /* UIButton+EnlargeTouchArea.m in Sources */,
				966F998421F5A44D006D7209 /* YbsNavBarButton.m in Sources */,
				B7607F8C20EA1AC100FAFCDF /* YbsTabBarController.m in Sources */,
				B7607F8920EA1A9900FAFCDF /* YbsNavigationController.m in Sources */,
				96EF48A62248CE3100F849A8 /* UIButton+Layout.m in Sources */,
				9659D359223659EA00383F40 /* YbsAlertView.m in Sources */,
				9640000C222E842900D43370 /* NSDictionary+YbsObject.m in Sources */,
				96E161DB21F1D849005BF9A5 /* UIViewController+YbsUtil.m in Sources */,
				9659D3562236262D00383F40 /* UIBarButtonItem+YbsAdd.m in Sources */,
				96EF48A32243912100F849A8 /* UIImage+YbsUtil.m in Sources */,
			);
			runOnlyForDeploymentPostprocessing = 0;
		};
		B7607EA420EA008C00FAFCDF /* Sources */ = {
			isa = PBXSourcesBuildPhase;
			buildActionMask = 2147483647;
			files = (
				B7607EAD20EA008C00FAFCDF /* TaskAroundTests.m in Sources */,
			);
			runOnlyForDeploymentPostprocessing = 0;
		};
		B7607EAF20EA008C00FAFCDF /* Sources */ = {
			isa = PBXSourcesBuildPhase;
			buildActionMask = 2147483647;
			files = (
				B7607EB820EA008C00FAFCDF /* TaskAroundUITests.m in Sources */,
			);
			runOnlyForDeploymentPostprocessing = 0;
		};
/* End PBXSourcesBuildPhase section */

/* Begin PBXTargetDependency section */
		96EF48B4224CD8D200F849A8 /* PBXTargetDependency */ = {
			isa = PBXTargetDependency;
			target = 96EF48AC224CD8D200F849A8 /* NotificationService */;
			targetProxy = 96EF48B3224CD8D200F849A8 /* PBXContainerItemProxy */;
		};
		B7607EAA20EA008C00FAFCDF /* PBXTargetDependency */ = {
			isa = PBXTargetDependency;
			target = B7607E8F20EA008B00FAFCDF /* TaskAround */;
			targetProxy = B7607EA920EA008C00FAFCDF /* PBXContainerItemProxy */;
		};
		B7607EB520EA008C00FAFCDF /* PBXTargetDependency */ = {
			isa = PBXTargetDependency;
			target = B7607E8F20EA008B00FAFCDF /* TaskAround */;
			targetProxy = B7607EB420EA008C00FAFCDF /* PBXContainerItemProxy */;
		};
/* End PBXTargetDependency section */

/* Begin PBXVariantGroup section */
		B7607E9920EA008B00FAFCDF /* Main.storyboard */ = {
			isa = PBXVariantGroup;
			children = (
				B7607E9A20EA008B00FAFCDF /* Base */,
			);
			name = Main.storyboard;
			sourceTree = "<group>";
		};
		B7607E9E20EA008C00FAFCDF /* LaunchScreen.storyboard */ = {
			isa = PBXVariantGroup;
			children = (
				B7607E9F20EA008C00FAFCDF /* Base */,
			);
			name = LaunchScreen.storyboard;
			sourceTree = "<group>";
		};
/* End PBXVariantGroup section */

/* Begin XCBuildConfiguration section */
		96EF48B7224CD8D200F849A8 /* Debug */ = {
			isa = XCBuildConfiguration;
			buildSettings = {
				CODE_SIGN_IDENTITY = "iPhone Developer";
				CODE_SIGN_STYLE = Automatic;
				DEVELOPMENT_TEAM = R94DK2XTY7;
				INFOPLIST_FILE = NotificationService/Info.plist;
				IPHONEOS_DEPLOYMENT_TARGET = 12.1;
				LD_RUNPATH_SEARCH_PATHS = (
					"$(inherited)",
					"@executable_path/Frameworks",
					"@executable_path/../../Frameworks",
				);
				MTL_ENABLE_DEBUG_INFO = INCLUDE_SOURCE;
				MTL_FAST_MATH = YES;
				PRODUCT_BUNDLE_IDENTIFIER = com.ybs.TaskAround.NotificationService;
				PRODUCT_NAME = "$(TARGET_NAME)";
				SKIP_INSTALL = YES;
				TARGETED_DEVICE_FAMILY = "1,2";
			};
			name = Debug;
		};
		96EF48B8224CD8D200F849A8 /* Release */ = {
			isa = XCBuildConfiguration;
			buildSettings = {
				CODE_SIGN_IDENTITY = "iPhone Distribution";
				CODE_SIGN_STYLE = Automatic;
				DEVELOPMENT_TEAM = R94DK2XTY7;
				INFOPLIST_FILE = NotificationService/Info.plist;
				IPHONEOS_DEPLOYMENT_TARGET = 12.1;
				LD_RUNPATH_SEARCH_PATHS = (
					"$(inherited)",
					"@executable_path/Frameworks",
					"@executable_path/../../Frameworks",
				);
				MTL_FAST_MATH = YES;
				PRODUCT_BUNDLE_IDENTIFIER = com.ybs.TaskAround.NotificationService;
				PRODUCT_NAME = "$(TARGET_NAME)";
				SKIP_INSTALL = YES;
				TARGETED_DEVICE_FAMILY = "1,2";
			};
			name = Release;
		};
		B7607EBA20EA008C00FAFCDF /* Debug */ = {
			isa = XCBuildConfiguration;
			buildSettings = {
				ALWAYS_SEARCH_USER_PATHS = NO;
				CLANG_ANALYZER_NONNULL = YES;
				CLANG_ANALYZER_NUMBER_OBJECT_CONVERSION = YES_AGGRESSIVE;
				CLANG_CXX_LANGUAGE_STANDARD = "gnu++14";
				CLANG_CXX_LIBRARY = "libc++";
				CLANG_ENABLE_MODULES = YES;
				CLANG_ENABLE_OBJC_ARC = YES;
				CLANG_ENABLE_OBJC_WEAK = YES;
				CLANG_WARN_BLOCK_CAPTURE_AUTORELEASING = YES;
				CLANG_WARN_BOOL_CONVERSION = YES;
				CLANG_WARN_COMMA = YES;
				CLANG_WARN_CONSTANT_CONVERSION = YES;
				CLANG_WARN_DEPRECATED_OBJC_IMPLEMENTATIONS = YES;
				CLANG_WARN_DIRECT_OBJC_ISA_USAGE = YES_ERROR;
				CLANG_WARN_DOCUMENTATION_COMMENTS = YES;
				CLANG_WARN_EMPTY_BODY = YES;
				CLANG_WARN_ENUM_CONVERSION = YES;
				CLANG_WARN_INFINITE_RECURSION = YES;
				CLANG_WARN_INT_CONVERSION = YES;
				CLANG_WARN_NON_LITERAL_NULL_CONVERSION = YES;
				CLANG_WARN_OBJC_IMPLICIT_RETAIN_SELF = YES;
				CLANG_WARN_OBJC_LITERAL_CONVERSION = YES;
				CLANG_WARN_OBJC_ROOT_CLASS = YES_ERROR;
				CLANG_WARN_RANGE_LOOP_ANALYSIS = YES;
				CLANG_WARN_STRICT_PROTOTYPES = YES;
				CLANG_WARN_SUSPICIOUS_MOVE = YES;
				CLANG_WARN_UNGUARDED_AVAILABILITY = YES_AGGRESSIVE;
				CLANG_WARN_UNREACHABLE_CODE = YES;
				CLANG_WARN__DUPLICATE_METHOD_MATCH = YES;
				CODE_SIGN_IDENTITY = "iPhone Developer";
				COPY_PHASE_STRIP = NO;
				DEBUG_INFORMATION_FORMAT = dwarf;
				ENABLE_STRICT_OBJC_MSGSEND = YES;
				ENABLE_TESTABILITY = YES;
				GCC_C_LANGUAGE_STANDARD = gnu11;
				GCC_DYNAMIC_NO_PIC = NO;
				GCC_NO_COMMON_BLOCKS = YES;
				GCC_OPTIMIZATION_LEVEL = 0;
				GCC_PREPROCESSOR_DEFINITIONS = (
					"DEBUG=1",
					"$(inherited)",
				);
				GCC_WARN_64_TO_32_BIT_CONVERSION = YES;
				GCC_WARN_ABOUT_RETURN_TYPE = YES_ERROR;
				GCC_WARN_UNDECLARED_SELECTOR = YES;
				GCC_WARN_UNINITIALIZED_AUTOS = YES_AGGRESSIVE;
				GCC_WARN_UNUSED_FUNCTION = YES;
				GCC_WARN_UNUSED_VARIABLE = YES;
				IPHONEOS_DEPLOYMENT_TARGET = 8.0;
				MTL_ENABLE_DEBUG_INFO = YES;
				ONLY_ACTIVE_ARCH = YES;
				SDKROOT = iphoneos;
			};
			name = Debug;
		};
		B7607EBB20EA008C00FAFCDF /* Release */ = {
			isa = XCBuildConfiguration;
			buildSettings = {
				ALWAYS_SEARCH_USER_PATHS = NO;
				CLANG_ANALYZER_NONNULL = YES;
				CLANG_ANALYZER_NUMBER_OBJECT_CONVERSION = YES_AGGRESSIVE;
				CLANG_CXX_LANGUAGE_STANDARD = "gnu++14";
				CLANG_CXX_LIBRARY = "libc++";
				CLANG_ENABLE_MODULES = YES;
				CLANG_ENABLE_OBJC_ARC = YES;
				CLANG_ENABLE_OBJC_WEAK = YES;
				CLANG_WARN_BLOCK_CAPTURE_AUTORELEASING = YES;
				CLANG_WARN_BOOL_CONVERSION = YES;
				CLANG_WARN_COMMA = YES;
				CLANG_WARN_CONSTANT_CONVERSION = YES;
				CLANG_WARN_DEPRECATED_OBJC_IMPLEMENTATIONS = YES;
				CLANG_WARN_DIRECT_OBJC_ISA_USAGE = YES_ERROR;
				CLANG_WARN_DOCUMENTATION_COMMENTS = YES;
				CLANG_WARN_EMPTY_BODY = YES;
				CLANG_WARN_ENUM_CONVERSION = YES;
				CLANG_WARN_INFINITE_RECURSION = YES;
				CLANG_WARN_INT_CONVERSION = YES;
				CLANG_WARN_NON_LITERAL_NULL_CONVERSION = YES;
				CLANG_WARN_OBJC_IMPLICIT_RETAIN_SELF = YES;
				CLANG_WARN_OBJC_LITERAL_CONVERSION = YES;
				CLANG_WARN_OBJC_ROOT_CLASS = YES_ERROR;
				CLANG_WARN_RANGE_LOOP_ANALYSIS = YES;
				CLANG_WARN_STRICT_PROTOTYPES = YES;
				CLANG_WARN_SUSPICIOUS_MOVE = YES;
				CLANG_WARN_UNGUARDED_AVAILABILITY = YES_AGGRESSIVE;
				CLANG_WARN_UNREACHABLE_CODE = YES;
				CLANG_WARN__DUPLICATE_METHOD_MATCH = YES;
				CODE_SIGN_IDENTITY = "iPhone Developer";
				COPY_PHASE_STRIP = NO;
				DEBUG_INFORMATION_FORMAT = "dwarf-with-dsym";
				ENABLE_NS_ASSERTIONS = NO;
				ENABLE_STRICT_OBJC_MSGSEND = YES;
				GCC_C_LANGUAGE_STANDARD = gnu11;
				GCC_NO_COMMON_BLOCKS = YES;
				GCC_WARN_64_TO_32_BIT_CONVERSION = YES;
				GCC_WARN_ABOUT_RETURN_TYPE = YES_ERROR;
				GCC_WARN_UNDECLARED_SELECTOR = YES;
				GCC_WARN_UNINITIALIZED_AUTOS = YES_AGGRESSIVE;
				GCC_WARN_UNUSED_FUNCTION = YES;
				GCC_WARN_UNUSED_VARIABLE = YES;
				IPHONEOS_DEPLOYMENT_TARGET = 8.0;
				MTL_ENABLE_DEBUG_INFO = NO;
				SDKROOT = iphoneos;
				VALIDATE_PRODUCT = YES;
			};
			name = Release;
		};
		B7607EBD20EA008C00FAFCDF /* Debug */ = {
			isa = XCBuildConfiguration;
			baseConfigurationReference = C80BE929A71E682E9871F943 /* Pods-TaskAround.debug.xcconfig */;
			buildSettings = {
				ASSETCATALOG_COMPILER_APPICON_NAME = AppIcon;
				ASSETCATALOG_COMPILER_LAUNCHIMAGE_NAME = LaunchImage;
				CODE_SIGN_ENTITLEMENTS = TaskAround/TaskAround.entitlements;
				CODE_SIGN_IDENTITY = "iPhone Developer";
				CODE_SIGN_STYLE = Manual;
				DEVELOPMENT_TEAM = R94DK2XTY7;
				ENABLE_BITCODE = NO;
				GCC_PREFIX_HEADER = "$(SRCROOT)/TaskAround/PrefixHeader.pch";
				INFOPLIST_FILE = TaskAround/Info.plist;
				IPHONEOS_DEPLOYMENT_TARGET = 8.0;
				LD_RUNPATH_SEARCH_PATHS = (
					"$(inherited)",
					"@executable_path/Frameworks",
				);
				LIBRARY_SEARCH_PATHS = (
					"$(inherited)",
					"$(PROJECT_DIR)/TaskAround/thin-lame/arm64e/lib",
					"$(PROJECT_DIR)/TaskAround/thin-lame/armv7s/lib",
					"$(PROJECT_DIR)/TaskAround/thin-lame/arm64/lib",
					"$(PROJECT_DIR)/TaskAround/thin-lame/x86_64/lib",
					"$(PROJECT_DIR)/TaskAround/fat-lame/lib",
				);
				PRODUCT_BUNDLE_IDENTIFIER = com.ybs.TaskAround;
				PRODUCT_NAME = "$(TARGET_NAME)";
				PROVISIONING_PROFILE_SPECIFIER = ybs_dev2_pp20190328_2;
				TARGETED_DEVICE_FAMILY = 1;
				USER_HEADER_SEARCH_PATHS = "${SRCROOT}";
				VALID_ARCHS = "arm64 arm64e armv7s";
				WARNING_CFLAGS = "-Wno-ambiguous-macro";
			};
			name = Debug;
		};
		B7607EBE20EA008C00FAFCDF /* Release */ = {
			isa = XCBuildConfiguration;
			baseConfigurationReference = 32AECDC9D8A6C5C86C28CBC6 /* Pods-TaskAround.release.xcconfig */;
			buildSettings = {
				ASSETCATALOG_COMPILER_APPICON_NAME = AppIcon;
				ASSETCATALOG_COMPILER_LAUNCHIMAGE_NAME = LaunchImage;
				CODE_SIGN_ENTITLEMENTS = TaskAround/TaskAround.entitlements;
				CODE_SIGN_IDENTITY = "iPhone Distribution";
				CODE_SIGN_STYLE = Manual;
				DEVELOPMENT_TEAM = R94DK2XTY7;
				ENABLE_BITCODE = NO;
				GCC_PREFIX_HEADER = "$(SRCROOT)/TaskAround/PrefixHeader.pch";
				INFOPLIST_FILE = TaskAround/Info.plist;
				IPHONEOS_DEPLOYMENT_TARGET = 8.0;
				LD_RUNPATH_SEARCH_PATHS = (
					"$(inherited)",
					"@executable_path/Frameworks",
				);
				LIBRARY_SEARCH_PATHS = (
					"$(inherited)",
					"$(PROJECT_DIR)/TaskAround/thin-lame/arm64e/lib",
					"$(PROJECT_DIR)/TaskAround/thin-lame/armv7s/lib",
					"$(PROJECT_DIR)/TaskAround/thin-lame/arm64/lib",
					"$(PROJECT_DIR)/TaskAround/thin-lame/x86_64/lib",
					"$(PROJECT_DIR)/TaskAround/fat-lame/lib",
				);
				PRODUCT_BUNDLE_IDENTIFIER = com.ybs.TaskAround;
				PRODUCT_NAME = "$(TARGET_NAME)";
				PROVISIONING_PROFILE_SPECIFIER = ybs_adhoc_pp_20190312_2;
				TARGETED_DEVICE_FAMILY = 1;
				USER_HEADER_SEARCH_PATHS = "${SRCROOT}";
				VALID_ARCHS = "arm64 arm64e armv7s";
				WARNING_CFLAGS = "-Wno-ambiguous-macro";
			};
			name = Release;
		};
		B7607EC020EA008C00FAFCDF /* Debug */ = {
			isa = XCBuildConfiguration;
			buildSettings = {
				BUNDLE_LOADER = "$(TEST_HOST)";
				CODE_SIGN_STYLE = Automatic;
				INFOPLIST_FILE = TaskAroundTests/Info.plist;
				LD_RUNPATH_SEARCH_PATHS = (
					"$(inherited)",
					"@executable_path/Frameworks",
					"@loader_path/Frameworks",
				);
				PRODUCT_BUNDLE_IDENTIFIER = com.shuzi.TaskAroundTests;
				PRODUCT_NAME = "$(TARGET_NAME)";
				TARGETED_DEVICE_FAMILY = "1,2";
				TEST_HOST = "$(BUILT_PRODUCTS_DIR)/TaskAround.app/TaskAround";
			};
			name = Debug;
		};
		B7607EC120EA008C00FAFCDF /* Release */ = {
			isa = XCBuildConfiguration;
			buildSettings = {
				BUNDLE_LOADER = "$(TEST_HOST)";
				CODE_SIGN_STYLE = Automatic;
				INFOPLIST_FILE = TaskAroundTests/Info.plist;
				LD_RUNPATH_SEARCH_PATHS = (
					"$(inherited)",
					"@executable_path/Frameworks",
					"@loader_path/Frameworks",
				);
				PRODUCT_BUNDLE_IDENTIFIER = com.shuzi.TaskAroundTests;
				PRODUCT_NAME = "$(TARGET_NAME)";
				TARGETED_DEVICE_FAMILY = "1,2";
				TEST_HOST = "$(BUILT_PRODUCTS_DIR)/TaskAround.app/TaskAround";
			};
			name = Release;
		};
		B7607EC320EA008C00FAFCDF /* Debug */ = {
			isa = XCBuildConfiguration;
			buildSettings = {
				CODE_SIGN_STYLE = Automatic;
				INFOPLIST_FILE = TaskAroundUITests/Info.plist;
				LD_RUNPATH_SEARCH_PATHS = (
					"$(inherited)",
					"@executable_path/Frameworks",
					"@loader_path/Frameworks",
				);
				PRODUCT_BUNDLE_IDENTIFIER = com.shuzi.TaskAroundUITests;
				PRODUCT_NAME = "$(TARGET_NAME)";
				TARGETED_DEVICE_FAMILY = "1,2";
				TEST_TARGET_NAME = TaskAround;
			};
			name = Debug;
		};
		B7607EC420EA008C00FAFCDF /* Release */ = {
			isa = XCBuildConfiguration;
			buildSettings = {
				CODE_SIGN_STYLE = Automatic;
				INFOPLIST_FILE = TaskAroundUITests/Info.plist;
				LD_RUNPATH_SEARCH_PATHS = (
					"$(inherited)",
					"@executable_path/Frameworks",
					"@loader_path/Frameworks",
				);
				PRODUCT_BUNDLE_IDENTIFIER = com.shuzi.TaskAroundUITests;
				PRODUCT_NAME = "$(TARGET_NAME)";
				TARGETED_DEVICE_FAMILY = "1,2";
				TEST_TARGET_NAME = TaskAround;
			};
			name = Release;
		};
/* End XCBuildConfiguration section */

/* Begin XCConfigurationList section */
		96EF48B6224CD8D200F849A8 /* Build configuration list for PBXNativeTarget "NotificationService" */ = {
			isa = XCConfigurationList;
			buildConfigurations = (
				96EF48B7224CD8D200F849A8 /* Debug */,
				96EF48B8224CD8D200F849A8 /* Release */,
			);
			defaultConfigurationIsVisible = 0;
			defaultConfigurationName = Release;
		};
		B7607E8B20EA008B00FAFCDF /* Build configuration list for PBXProject "TaskAround" */ = {
			isa = XCConfigurationList;
			buildConfigurations = (
				B7607EBA20EA008C00FAFCDF /* Debug */,
				B7607EBB20EA008C00FAFCDF /* Release */,
			);
			defaultConfigurationIsVisible = 0;
			defaultConfigurationName = Release;
		};
		B7607EBC20EA008C00FAFCDF /* Build configuration list for PBXNativeTarget "TaskAround" */ = {
			isa = XCConfigurationList;
			buildConfigurations = (
				B7607EBD20EA008C00FAFCDF /* Debug */,
				B7607EBE20EA008C00FAFCDF /* Release */,
			);
			defaultConfigurationIsVisible = 0;
			defaultConfigurationName = Release;
		};
		B7607EBF20EA008C00FAFCDF /* Build configuration list for PBXNativeTarget "TaskAroundTests" */ = {
			isa = XCConfigurationList;
			buildConfigurations = (
				B7607EC020EA008C00FAFCDF /* Debug */,
				B7607EC120EA008C00FAFCDF /* Release */,
			);
			defaultConfigurationIsVisible = 0;
			defaultConfigurationName = Release;
		};
		B7607EC220EA008C00FAFCDF /* Build configuration list for PBXNativeTarget "TaskAroundUITests" */ = {
			isa = XCConfigurationList;
			buildConfigurations = (
				B7607EC320EA008C00FAFCDF /* Debug */,
				B7607EC420EA008C00FAFCDF /* Release */,
			);
			defaultConfigurationIsVisible = 0;
			defaultConfigurationName = Release;
		};
/* End XCConfigurationList section */
	};
	rootObject = B7607E8820EA008B00FAFCDF /* Project object */;
}
